
Microsoft Visual Studio Solution File, Format Version 12.00
# Visual Studio Version 17
VisualStudioVersion = 17.9.34622.214
MinimumVisualStudioVersion = 10.0.40219.1
Project("{9A19103F-16F7-4668-BE54-9A1E7A4F7556}") = "SampleDemoWithoutIdentity", "SampleDemoWithoutIdentity\SampleDemoWithoutIdentity.csproj", "{84315240-BD0C-43C5-9B30-9B234C5E7D0D}"
EndProject
Project("{9A19103F-16F7-4668-BE54-9A1E7A4F7556}") = "DataAccess", "DataAccess\DataAccess.csproj", "{01D4DB54-5DFD-4D2B-8ADD-A1C1C79FE2F9}"
EndProject
Project("{2150E333-8FDC-42A3-9474-1A3956D46DE8}") = "Solution Items", "Solution Items", "{D0FACB2D-52CA-425B-9FE9-DC9DD7CFB6B2}"
	ProjectSection(SolutionItems) = preProject
		.editorconfig = .editorconfig
	EndProjectSection
EndProject
Project("{FAE04EC0-301F-11D3-BF4B-00C04F79EFBC}") = "DemoApi", "DemoApi\DemoApi.csproj", "{DF6AA015-EB44-41A5-965A-6FD070BDD515}"
EndProject
Global
	GlobalSection(SolutionConfigurationPlatforms) = preSolution
		Debug|Any CPU = Debug|Any CPU
		Release|Any CPU = Release|Any CPU
	EndGlobalSection
	GlobalSection(ProjectConfigurationPlatforms) = postSolution
		{84315240-BD0C-43C5-9B30-9B234C5E7D0D}.Debug|Any CPU.ActiveCfg = Debug|Any CPU
		{84315240-BD0C-43C5-9B30-9B234C5E7D0D}.Debug|Any CPU.Build.0 = Debug|Any CPU
		{84315240-BD0C-43C5-9B30-9B234C5E7D0D}.Release|Any CPU.ActiveCfg = Release|Any CPU
		{84315240-BD0C-43C5-9B30-9B234C5E7D0D}.Release|Any CPU.Build.0 = Release|Any CPU
		{01D4DB54-5DFD-4D2B-8ADD-A1C1C79FE2F9}.Debug|Any CPU.ActiveCfg = Debug|Any CPU
		{01D4DB54-5DFD-4D2B-8ADD-A1C1C79FE2F9}.Debug|Any CPU.Build.0 = Debug|Any CPU
		{01D4DB54-5DFD-4D2B-8ADD-A1C1C79FE2F9}.Release|Any CPU.ActiveCfg = Release|Any CPU
		{01D4DB54-5DFD-4D2B-8ADD-A1C1C79FE2F9}.Release|Any CPU.Build.0 = Release|Any CPU
		{DF6AA015-EB44-41A5-965A-6FD070BDD515}.Debug|Any CPU.ActiveCfg = Debug|Any CPU
		{DF6AA015-EB44-41A5-965A-6FD070BDD515}.Debug|Any CPU.Build.0 = Debug|Any CPU
		{DF6AA015-EB44-41A5-965A-6FD070BDD515}.Release|Any CPU.ActiveCfg = Release|Any CPU
		{DF6AA015-EB44-41A5-965A-6FD070BDD515}.Release|Any CPU.Build.0 = Release|Any CPU
	EndGlobalSection
	GlobalSection(SolutionProperties) = preSolution
		HideSolutionNode = FALSE
	EndGlobalSection
	GlobalSection(ExtensibilityGlobals) = postSolution
		SolutionGuid = {5F7BCB36-FEAF-44A7-A616-4DC3F75E12E7}
	EndGlobalSection
EndGlobal
